
Microsoft Visual Studio Solution File, Format Version 12.00
# Visual Studio Version 17
VisualStudioVersion = 17.7.34031.279
MinimumVisualStudioVersion = 10.0.40219.1
Project("{FAE04EC0-301F-11D3-BF4B-00C04F79EFBC}") = "DVDScreenSaver", "DVDScreenSaver.csproj", "{690B0FE9-B80C-455C-BC4D-7D03FFB46115}"
EndProject
Global
	GlobalSection(SolutionConfigurationPlatforms) = preSolution
		Debug|Any CPU = Debug|Any CPU
		Release|Any CPU = Release|Any CPU
	EndGlobalSection
	GlobalSection(ProjectConfigurationPlatforms) = postSolution
		{690B0FE9-B80C-455C-BC4D-7D03FFB46115}.Debug|Any CPU.ActiveCfg = Debug|Any CPU
		{690B0FE9-B80C-455C-BC4D-7D03FFB46115}.Debug|Any CPU.Build.0 = Debug|Any CPU
		{690B0FE9-B80C-455C-BC4D-7D03FFB46115}.Release|Any CPU.ActiveCfg = Release|Any CPU
		{690B0FE9-B80C-455C-BC4D-7D03FFB46115}.Release|Any CPU.Build.0 = Release|Any CPU
	EndGlobalSection
	GlobalSection(SolutionProperties) = preSolution
		HideSolutionNode = FALSE
	EndGlobalSection
	GlobalSection(ExtensibilityGlobals) = postSolution
		SolutionGuid = {797A3DCC-E1A5-483A-A996-0DCB16FB1B0C}
	EndGlobalSection
EndGlobal
